
Microsoft Visual Studio Solution File, Format Version 12.00
# Visual Studio Version 16
VisualStudioVersion = 16.0.31129.286
MinimumVisualStudioVersion = 10.0.40219.1
Project("{159641D6-6404-4A2A-AE62-294DE0FE8301}") = "IMT577", "IMT577\IMT577.dtproj", "{4CC8D497-F4EB-42E1-9CF4-D96DF263F6C0}"
EndProject
Global
	GlobalSection(SolutionConfigurationPlatforms) = preSolution
		Development|Default = Development|Default
	EndGlobalSection
	GlobalSection(ProjectConfigurationPlatforms) = postSolution
		{4CC8D497-F4EB-42E1-9CF4-D96DF263F6C0}.Development|Default.ActiveCfg = Development
		{4CC8D497-F4EB-42E1-9CF4-D96DF263F6C0}.Development|Default.Build.0 = Development
	EndGlobalSection
	GlobalSection(SolutionProperties) = preSolution
		HideSolutionNode = FALSE
	EndGlobalSection
	GlobalSection(ExtensibilityGlobals) = postSolution
		SolutionGuid = {8E1AABB8-84E5-4F8C-8765-BC47FE2FAE01}
	EndGlobalSection
EndGlobal
